{
  "R": {
    "Version": "4.2.0",
    "Repositories": [
      {
        "Name": "CRAN",
        "URL": "https://cloud.r-project.org"
      }
    ]
  },
  "Packages": {
    "BayesFactor": {
      "Package": "BayesFactor",
      "Version": "0.9.12-4.2",
      "Source": "Repository",
      "Repository": "CRAN",
      "Hash": "3e707fce38fbee57115263acfcca8593",
      "Requirements": [
        "Matrix",
        "MatrixModels",
        "Rcpp",
        "RcppEigen",
        "coda",
        "gtools",
        "hypergeo",
        "mvtnorm",
        "pbapply",
        "stringr"
      ]
    },
    "DBI": {
      "Package": "DBI",
      "Version": "1.1.1",
      "Source": "Repository",
      "Repository": "CRAN",
      "Hash": "030aaec5bc6553f35347cbb1e70b1a17",
      "Requirements": []
    },
    "DT": {
      "Package": "DT",
      "Version": "0.18",
      "Source": "Repository",
      "Repository": "CRAN",
      "Hash": "a7d6660c869d4f41f856504828af4645",
      "Requirements": [
        "crosstalk",
        "htmltools",
        "htmlwidgets",
        "jsonlite",
        "magrittr",
        "promises"
      ]
    },
    "Formula": {
      "Package": "Formula",
      "Version": "1.2-4",
      "Source": "Repository",
      "Repository": "CRAN",
      "Hash": "cc8c8c4d61346cde1ca60030ff9c241f",
      "Requirements": []
    },
    "GGally": {
      "Package": "GGally",
      "Version": "2.1.2",
      "Source": "Repository",
      "Repository": "CRAN",
      "Hash": "022f78c8698724b326f1838b1a98cafa",
      "Requirements": [
        "RColorBrewer",
        "dplyr",
        "forcats",
        "ggplot2",
        "gtable",
        "lifecycle",
        "plyr",
        "progress",
        "reshape",
        "rlang",
        "scales",
        "tidyr"
      ]
    },
    "HDInterval": {
      "Package": "HDInterval",
      "Version": "0.2.2",
      "Source": "Repository",
      "Repository": "CRAN",
      "Hash": "3b986a53325a1d95610b8d86a284dac0",
      "Requirements": []
    },
    "Hmisc": {
      "Package": "Hmisc",
      "Version": "4.7-0",
      "Source": "Repository",
      "Repository": "CRAN",
      "Hash": "d6b38998466629deb0346b1feb594283",
      "Requirements": [
        "Formula",
        "base64enc",
        "cluster",
        "data.table",
        "foreign",
        "ggplot2",
        "gridExtra",
        "gtable",
        "htmlTable",
        "htmltools",
        "lattice",
        "latticeExtra",
        "nnet",
        "rpart",
        "survival",
        "viridis"
      ]
    },
    "MASS": {
      "Package": "MASS",
      "Version": "7.3-54",
      "Source": "Repository",
      "Repository": "CRAN",
      "Hash": "0e59129db205112e3963904db67fd0dc",
      "Requirements": []
    },
    "Matrix": {
      "Package": "Matrix",
      "Version": "1.3-3",
      "Source": "Repository",
      "Repository": "CRAN",
      "Hash": "df57c82e79600601287edfdcef92c2d6",
      "Requirements": [
        "lattice"
      ]
    },
    "MatrixModels": {
      "Package": "MatrixModels",
      "Version": "0.5-0",
      "Source": "Repository",
      "Repository": "CRAN",
      "Hash": "366a8838782928e398b8762c932a42a3",
      "Requirements": [
        "Matrix"
      ]
    },
    "MetaUtility": {
      "Package": "MetaUtility",
      "Version": "2.1.1",
      "Source": "Repository",
      "Repository": "CRAN",
      "Hash": "0331f16674e8543962fdcbdc6f145091",
      "Requirements": [
        "dplyr",
        "metafor",
        "purrr",
        "rlang",
        "stringr",
        "tidyr"
      ]
    },
    "PublicationBias": {
      "Package": "PublicationBias",
      "Version": "2.2.0",
      "Source": "Repository",
      "Repository": "CRAN",
      "Hash": "39215eb7ef0fd8a4b72456be8f7b301f",
      "Requirements": [
        "MetaUtility",
        "Rdpack",
        "dplyr",
        "ggplot2",
        "metafor",
        "robumeta"
      ]
    },
    "R6": {
      "Package": "R6",
      "Version": "2.5.1",
      "Source": "Repository",
      "Repository": "CRAN",
      "Hash": "470851b6d5d0ac559e9d01bb352b4021",
      "Requirements": []
    },
    "RColorBrewer": {
      "Package": "RColorBrewer",
      "Version": "1.1-3",
      "Source": "Repository",
      "Repository": "CRAN",
      "Hash": "45f0398006e83a5b10b72a90663d8d8c",
      "Requirements": []
    },
    "Rcpp": {
      "Package": "Rcpp",
      "Version": "1.0.8.3",
      "Source": "Repository",
      "Repository": "CRAN",
      "Hash": "32e79b908fda56ee57fe518a8d37b864",
      "Requirements": []
    },
    "RcppEigen": {
      "Package": "RcppEigen",
      "Version": "0.3.3.9.2",
      "Source": "Repository",
      "Repository": "CRAN",
      "Hash": "4c86baed78388ceb06f88e3e9a1d87f5",
      "Requirements": [
        "Matrix",
        "Rcpp"
      ]
    },
    "Rdpack": {
      "Package": "Rdpack",
      "Version": "2.1.2",
      "Source": "Repository",
      "Repository": "CRAN",
      "Hash": "bfa84efcd9664b73fb37db87968fcaf1",
      "Requirements": [
        "rbibutils"
      ]
    },
    "agreement": {
      "Package": "agreement",
      "Version": "0.0.0.9003",
      "Source": "GitHub",
      "RemoteType": "github",
      "RemoteHost": "api.github.com",
      "RemoteRepo": "agreement",
      "RemoteUsername": "jmgirard",
      "RemoteRef": "HEAD",
      "RemoteSha": "1c540af62aeff0da163eb4b3abbb085ab1610de8",
      "Hash": "cef9756933ffef0d119735db6a4b6c10",
      "Requirements": [
        "assertthat",
        "boot",
        "dplyr",
        "generics",
        "ggdist",
        "ggplot2",
        "magrittr",
        "rlang",
        "tibble",
        "tidyr"
      ]
    },
    "askpass": {
      "Package": "askpass",
      "Version": "1.1",
      "Source": "Repository",
      "Repository": "CRAN",
      "Hash": "e8a22846fff485f0be3770c2da758713",
      "Requirements": [
        "sys"
      ]
    },
    "assertthat": {
      "Package": "assertthat",
      "Version": "0.2.1",
      "Source": "Repository",
      "Repository": "CRAN",
      "Hash": "50c838a310445e954bc13f26f26a6ecf",
      "Requirements": []
    },
    "backports": {
      "Package": "backports",
      "Version": "1.3.0",
      "Source": "Repository",
      "Repository": "CRAN",
      "Hash": "194ad71f8ed59393272a0c4be2eac215",
      "Requirements": []
    },
    "base64enc": {
      "Package": "base64enc",
      "Version": "0.1-3",
      "Source": "Repository",
      "Repository": "CRAN",
      "Hash": "543776ae6848fde2f48ff3816d0628bc",
      "Requirements": []
    },
    "bit": {
      "Package": "bit",
      "Version": "4.0.4",
      "Source": "Repository",
      "Repository": "CRAN",
      "Hash": "f36715f14d94678eea9933af927bc15d",
      "Requirements": []
    },
    "bit64": {
      "Package": "bit64",
      "Version": "4.0.5",
      "Source": "Repository",
      "Repository": "CRAN",
      "Hash": "9fe98599ca456d6552421db0d6772d8f",
      "Requirements": [
        "bit"
      ]
    },
    "blob": {
      "Package": "blob",
      "Version": "1.2.2",
      "Source": "Repository",
      "Repository": "CRAN",
      "Hash": "dc5f7a6598bb025d20d66bb758f12879",
      "Requirements": [
        "rlang",
        "vctrs"
      ]
    },
    "bookdown": {
      "Package": "bookdown",
      "Version": "0.27",
      "Source": "Repository",
      "Repository": "CRAN",
      "Hash": "249ccee87c5a8def5cb459fd0809cca4",
      "Requirements": [
        "htmltools",
        "jquerylib",
        "knitr",
        "rmarkdown",
        "tinytex",
        "xfun",
        "yaml"
      ]
    },
    "boot": {
      "Package": "boot",
      "Version": "1.3-28",
      "Source": "Repository",
      "Repository": "CRAN",
      "Hash": "0baa960e3b49c6176a4f42addcbacc59",
      "Requirements": []
    },
    "broom": {
      "Package": "broom",
      "Version": "0.7.8.9000",
      "Source": "GitHub",
      "RemoteType": "github",
      "RemoteHost": "api.github.com",
      "RemoteRepo": "broom",
      "RemoteUsername": "tidymodels",
      "RemoteRef": "HEAD",
      "RemoteSha": "14f69526db92d3404142fdeba96d3975c7746762",
      "Hash": "5b8e602743e94e1618ae99c2d73b9d3f",
      "Requirements": [
        "backports",
        "dplyr",
        "ellipsis",
        "generics",
        "glue",
        "purrr",
        "rlang",
        "stringr",
        "tibble",
        "tidyr"
      ]
    },
    "bslib": {
      "Package": "bslib",
      "Version": "0.2.5.1",
      "Source": "Repository",
      "Repository": "CRAN",
      "Hash": "2f069f3f42847231aef7baa49bed97b0",
      "Requirements": [
        "htmltools",
        "jquerylib",
        "jsonlite",
        "magrittr",
        "rlang",
        "sass"
      ]
    },
    "cachem": {
      "Package": "cachem",
      "Version": "1.0.6",
      "Source": "Repository",
      "Repository": "CRAN",
      "Hash": "648c5b3d71e6a37e3043617489a0a0e9",
      "Requirements": [
        "fastmap",
        "rlang"
      ]
    },
    "callr": {
      "Package": "callr",
      "Version": "3.7.0",
      "Source": "Repository",
      "Repository": "CRAN",
      "Hash": "461aa75a11ce2400245190ef5d3995df",
      "Requirements": [
        "R6",
        "processx"
      ]
    },
    "cellranger": {
      "Package": "cellranger",
      "Version": "1.1.0",
      "Source": "Repository",
      "Repository": "CRAN",
      "Hash": "f61dbaec772ccd2e17705c1e872e9e7c",
      "Requirements": [
        "rematch",
        "tibble"
      ]
    },
    "checkmate": {
      "Package": "checkmate",
      "Version": "2.1.0",
      "Source": "Repository",
      "Repository": "CRAN",
      "Hash": "147e4db6909d8814bb30f671b49d7e06",
      "Requirements": [
        "backports"
      ]
    },
    "cli": {
      "Package": "cli",
      "Version": "3.4.0",
      "Source": "Repository",
      "Repository": "CRAN",
      "Hash": "78003c09d258968a4d28107e779edb10",
      "Requirements": []
    },
    "clipr": {
      "Package": "clipr",
      "Version": "0.8.0",
      "Source": "Repository",
      "Repository": "CRAN",
      "Hash": "3f038e5ac7f41d4ac41ce658c85e3042",
      "Requirements": []
    },
    "cluster": {
      "Package": "cluster",
      "Version": "2.1.3",
      "Source": "Repository",
      "Repository": "CRAN",
      "Hash": "c5f8447373ec2a0f593c694024e5b7ee",
      "Requirements": []
    },
    "coda": {
      "Package": "coda",
      "Version": "0.19-4",
      "Source": "Repository",
      "Repository": "CRAN",
      "Hash": "24b6d006b8b2343876cf230687546932",
      "Requirements": [
        "lattice"
      ]
    },
    "colorspace": {
      "Package": "colorspace",
      "Version": "2.0-3",
      "Source": "Repository",
      "Repository": "CRAN",
      "Hash": "bb4341986bc8b914f0f0acf2e4a3f2f7",
      "Requirements": []
    },
    "commonmark": {
      "Package": "commonmark",
      "Version": "1.7",
      "Source": "Repository",
      "Repository": "CRAN",
      "Hash": "0f22be39ec1d141fd03683c06f3a6e67",
      "Requirements": []
    },
    "contfrac": {
      "Package": "contfrac",
      "Version": "1.1-12",
      "Source": "Repository",
      "Repository": "CRAN",
      "Hash": "57120b229b87ba5206eb33c5b6f04f75",
      "Requirements": []
    },
    "cowplot": {
      "Package": "cowplot",
      "Version": "1.1.1",
      "Source": "Repository",
      "Repository": "CRAN",
      "Hash": "b418e8423699d11c7f2087c2bfd07da2",
      "Requirements": [
        "ggplot2",
        "gtable",
        "rlang",
        "scales"
      ]
    },
    "cpp11": {
      "Package": "cpp11",
      "Version": "0.4.2",
      "Source": "Repository",
      "Repository": "CRAN",
      "Hash": "fa53ce256cd280f468c080a58ea5ba8c",
      "Requirements": []
    },
    "crayon": {
      "Package": "crayon",
      "Version": "1.5.1",
      "Source": "Repository",
      "Repository": "CRAN",
      "Hash": "8dc45fd8a1ee067a92b85ef274e66d6a",
      "Requirements": []
    },
    "crosstalk": {
      "Package": "crosstalk",
      "Version": "1.1.1",
      "Source": "Repository",
      "Repository": "CRAN",
      "Hash": "2b06f9e415a62b6762e4b8098d2aecbc",
      "Requirements": [
        "R6",
        "htmltools",
        "jsonlite",
        "lazyeval"
      ]
    },
    "curl": {
      "Package": "curl",
      "Version": "4.3.2",
      "Source": "Repository",
      "Repository": "CRAN",
      "Hash": "022c42d49c28e95d69ca60446dbabf88",
      "Requirements": []
    },
    "data.table": {
      "Package": "data.table",
      "Version": "1.14.2",
      "Source": "Repository",
      "Repository": "CRAN",
      "Hash": "36b67b5adf57b292923f5659f5f0c853",
      "Requirements": []
    },
    "dbplyr": {
      "Package": "dbplyr",
      "Version": "2.1.1",
      "Source": "Repository",
      "Repository": "CRAN",
      "Hash": "1f37fa4ab2f5f7eded42f78b9a887182",
      "Requirements": [
        "DBI",
        "R6",
        "assertthat",
        "blob",
        "dplyr",
        "ellipsis",
        "glue",
        "lifecycle",
        "magrittr",
        "purrr",
        "rlang",
        "tibble",
        "tidyselect",
        "vctrs",
        "withr"
      ]
    },
    "deSolve": {
      "Package": "deSolve",
      "Version": "1.32",
      "Source": "Repository",
      "Repository": "CRAN",
      "Hash": "202c6c0bc065f8bf5d1fb53df694b73f",
      "Requirements": []
    },
    "digest": {
      "Package": "digest",
      "Version": "0.6.29",
      "Source": "Repository",
      "Repository": "CRAN",
      "Hash": "cf6b206a045a684728c3267ef7596190",
      "Requirements": []
    },
    "distributional": {
      "Package": "distributional",
      "Version": "0.3.1",
      "Source": "Repository",
      "Repository": "CRAN",
      "Hash": "be08f142d0b48ff1c8cfe39e1e3ac1c8",
      "Requirements": [
        "digest",
        "farver",
        "generics",
        "ggplot2",
        "lifecycle",
        "numDeriv",
        "rlang",
        "scales",
        "vctrs"
      ]
    },
    "dplyr": {
      "Package": "dplyr",
      "Version": "1.0.10",
      "Source": "Repository",
      "Repository": "CRAN",
      "Hash": "539412282059f7f0c07295723d23f987",
      "Requirements": [
        "R6",
        "generics",
        "glue",
        "lifecycle",
        "magrittr",
        "pillar",
        "rlang",
        "tibble",
        "tidyselect",
        "vctrs"
      ]
    },
    "dtplyr": {
      "Package": "dtplyr",
      "Version": "1.1.0",
      "Source": "Repository",
      "Repository": "CRAN",
      "Hash": "1e14e4c5b2814de5225312394bc316da",
      "Requirements": [
        "crayon",
        "data.table",
        "dplyr",
        "ellipsis",
        "glue",
        "lifecycle",
        "rlang",
        "tibble",
        "tidyselect",
        "vctrs"
      ]
    },
    "ellipsis": {
      "Package": "ellipsis",
      "Version": "0.3.2",
      "Source": "Repository",
      "Repository": "CRAN",
      "Hash": "bb0eec2fe32e88d9e2836c2f73ea2077",
      "Requirements": [
        "rlang"
      ]
    },
    "elliptic": {
      "Package": "elliptic",
      "Version": "1.4-0",
      "Source": "Repository",
      "Repository": "CRAN",
      "Hash": "4ad4fc696f70fece9399140246f409f3",
      "Requirements": [
        "MASS"
      ]
    },
    "evaluate": {
      "Package": "evaluate",
      "Version": "0.15",
      "Source": "Repository",
      "Repository": "CRAN",
      "Hash": "699a7a93d08c962d9f8950b2d7a227f1",
      "Requirements": []
    },
    "fansi": {
      "Package": "fansi",
      "Version": "1.0.3",
      "Source": "Repository",
      "Repository": "CRAN",
      "Hash": "83a8afdbe71839506baa9f90eebad7ec",
      "Requirements": []
    },
    "farver": {
      "Package": "farver",
      "Version": "2.1.1",
      "Source": "Repository",
      "Repository": "CRAN",
      "Hash": "8106d78941f34855c440ddb946b8f7a5",
      "Requirements": []
    },
    "fastmap": {
      "Package": "fastmap",
      "Version": "1.1.0",
      "Source": "Repository",
      "Repository": "CRAN",
      "Hash": "77bd60a6157420d4ffa93b27cf6a58b8",
      "Requirements": []
    },
    "forcats": {
      "Package": "forcats",
      "Version": "0.5.1",
      "Source": "Repository",
      "Repository": "CRAN",
      "Hash": "81c3244cab67468aac4c60550832655d",
      "Requirements": [
        "ellipsis",
        "magrittr",
        "rlang",
        "tibble"
      ]
    },
    "foreign": {
      "Package": "foreign",
      "Version": "0.8-82",
      "Source": "Repository",
      "Repository": "CRAN",
      "Hash": "32b25c97ce306a760c4d9f787991b5d9",
      "Requirements": []
    },
    "fs": {
      "Package": "fs",
      "Version": "1.5.2",
      "Source": "Repository",
      "Repository": "CRAN",
      "Hash": "7c89603d81793f0d5486d91ab1fc6f1d",
      "Requirements": []
    },
    "gargle": {
      "Package": "gargle",
      "Version": "1.2.0",
      "Source": "Repository",
      "Repository": "CRAN",
      "Hash": "9d234e6a87a6f8181792de6dc4a00e39",
      "Requirements": [
        "cli",
        "fs",
        "glue",
        "httr",
        "jsonlite",
        "rappdirs",
        "rlang",
        "rstudioapi",
        "withr"
      ]
    },
    "generics": {
      "Package": "generics",
      "Version": "0.1.3",
      "Source": "Repository",
      "Repository": "CRAN",
      "Hash": "15e9634c0fcd294799e9b2e929ed1b86",
      "Requirements": []
    },
    "ggdist": {
      "Package": "ggdist",
      "Version": "3.2.0",
      "Source": "Repository",
      "Repository": "CRAN",
      "Hash": "da5ae53a708eb6f8d2f9ec6acd188fd9",
      "Requirements": [
        "HDInterval",
        "distributional",
        "dplyr",
        "ggplot2",
        "glue",
        "numDeriv",
        "rlang",
        "scales",
        "tibble",
        "tidyselect",
        "vctrs",
        "withr"
      ]
    },
    "ggplot2": {
      "Package": "ggplot2",
      "Version": "3.3.6",
      "Source": "Repository",
      "Repository": "CRAN",
      "Hash": "0fb26d0674c82705c6b701d1a61e02ea",
      "Requirements": [
        "MASS",
        "digest",
        "glue",
        "gtable",
        "isoband",
        "mgcv",
        "rlang",
        "scales",
        "tibble",
        "withr"
      ]
    },
    "ggrepel": {
      "Package": "ggrepel",
      "Version": "0.9.1",
      "Source": "Repository",
      "Repository": "CRAN",
      "Hash": "08ab869f37e6a7741a64ab9069bcb67d",
      "Requirements": [
        "Rcpp",
        "ggplot2",
        "rlang",
        "scales"
      ]
    },
    "ggthemes": {
      "Package": "ggthemes",
      "Version": "4.2.4",
      "Source": "Repository",
      "Repository": "CRAN",
      "Hash": "617fb2c300f68e8b1ba21043fba88fd7",
      "Requirements": [
        "ggplot2",
        "purrr",
        "scales",
        "stringr",
        "tibble"
      ]
    },
    "glue": {
      "Package": "glue",
      "Version": "1.6.2",
      "Source": "Repository",
      "Repository": "CRAN",
      "Hash": "4f2596dfb05dac67b9dc558e5c6fba2e",
      "Requirements": []
    },
    "googledrive": {
      "Package": "googledrive",
      "Version": "2.0.0",
      "Source": "Repository",
      "Repository": "CRAN",
      "Hash": "c3a25adbbfbb03f12e6f88c5fb1f3024",
      "Requirements": [
        "cli",
        "gargle",
        "glue",
        "httr",
        "jsonlite",
        "lifecycle",
        "magrittr",
        "pillar",
        "purrr",
        "rlang",
        "tibble",
        "uuid",
        "vctrs",
        "withr"
      ]
    },
    "googlesheets4": {
      "Package": "googlesheets4",
      "Version": "0.3.0",
      "Source": "Repository",
      "Repository": "CRAN",
      "Hash": "fd028aa45f6785d7e83c0ed896b45904",
      "Requirements": [
        "cellranger",
        "curl",
        "gargle",
        "glue",
        "googledrive",
        "httr",
        "ids",
        "lifecycle",
        "magrittr",
        "purrr",
        "rematch2",
        "rlang",
        "tibble",
        "vctrs"
      ]
    },
    "gridExtra": {
      "Package": "gridExtra",
      "Version": "2.3",
      "Source": "Repository",
      "Repository": "CRAN",
      "Hash": "7d7f283939f563670a697165b2cf5560",
      "Requirements": [
        "gtable"
      ]
    },
    "gtable": {
      "Package": "gtable",
      "Version": "0.3.1",
      "Source": "Repository",
      "Repository": "CRAN",
      "Hash": "36b4265fb818f6a342bed217549cd896",
      "Requirements": []
    },
    "gtools": {
      "Package": "gtools",
      "Version": "3.9.3",
      "Source": "Repository",
      "Repository": "CRAN",
      "Hash": "32600a0bea839c4d0ac998d7c547ecf7",
      "Requirements": []
    },
    "haven": {
      "Package": "haven",
      "Version": "2.4.1",
      "Source": "Repository",
      "Repository": "CRAN",
      "Hash": "9ace652bffef34af558eb5d70903ac2f",
      "Requirements": [
        "cpp11",
        "forcats",
        "hms",
        "readr",
        "rlang",
        "tibble",
        "tidyselect",
        "vctrs"
      ]
    },
    "here": {
      "Package": "here",
      "Version": "1.0.1",
      "Source": "Repository",
      "Repository": "CRAN",
      "Hash": "24b224366f9c2e7534d2344d10d59211",
      "Requirements": [
        "rprojroot"
      ]
    },
    "highr": {
      "Package": "highr",
      "Version": "0.9",
      "Source": "Repository",
      "Repository": "CRAN",
      "Hash": "8eb36c8125038e648e5d111c0d7b2ed4",
      "Requirements": [
        "xfun"
      ]
    },
    "hms": {
      "Package": "hms",
      "Version": "1.1.1",
      "Source": "Repository",
      "Repository": "CRAN",
      "Hash": "5b8a2dd0fdbe2ab4f6081e6c7be6dfca",
      "Requirements": [
        "ellipsis",
        "lifecycle",
        "pkgconfig",
        "rlang",
        "vctrs"
      ]
    },
    "htmlTable": {
      "Package": "htmlTable",
      "Version": "2.4.0",
      "Source": "Repository",
      "Repository": "CRAN",
      "Hash": "1acb74d3f9e0ade3b13282195baab090",
      "Requirements": [
        "checkmate",
        "htmltools",
        "htmlwidgets",
        "knitr",
        "magrittr",
        "rstudioapi",
        "stringr"
      ]
    },
    "htmltools": {
      "Package": "htmltools",
      "Version": "0.5.2",
      "Source": "Repository",
      "Repository": "CRAN",
      "Hash": "526c484233f42522278ab06fb185cb26",
      "Requirements": [
        "base64enc",
        "digest",
        "fastmap",
        "rlang"
      ]
    },
    "htmlwidgets": {
      "Package": "htmlwidgets",
      "Version": "1.5.4",
      "Source": "Repository",
      "Repository": "CRAN",
      "Hash": "76147821cd3fcd8c4b04e1ef0498e7fb",
      "Requirements": [
        "htmltools",
        "jsonlite",
        "yaml"
      ]
    },
    "httpuv": {
      "Package": "httpuv",
      "Version": "1.6.2",
      "Source": "Repository",
      "Repository": "CRAN",
      "Hash": "a42959b003aad9fc351b10250c5a6b77",
      "Requirements": [
        "R6",
        "Rcpp",
        "later",
        "promises"
      ]
    },
    "httr": {
      "Package": "httr",
      "Version": "1.4.2",
      "Source": "Repository",
      "Repository": "CRAN",
      "Hash": "a525aba14184fec243f9eaec62fbed43",
      "Requirements": [
        "R6",
        "curl",
        "jsonlite",
        "mime",
        "openssl"
      ]
    },
    "hypergeo": {
      "Package": "hypergeo",
      "Version": "1.2-13",
      "Source": "Repository",
      "Repository": "CRAN",
      "Hash": "3195e099bdbe91e28310c818d925d471",
      "Requirements": [
        "contfrac",
        "deSolve",
        "elliptic"
      ]
    },
    "ids": {
      "Package": "ids",
      "Version": "1.0.1",
      "Source": "Repository",
      "Repository": "CRAN",
      "Hash": "99df65cfef20e525ed38c3d2577f7190",
      "Requirements": [
        "openssl",
        "uuid"
      ]
    },
    "isoband": {
      "Package": "isoband",
      "Version": "0.2.5",
      "Source": "Repository",
      "Repository": "CRAN",
      "Hash": "7ab57a6de7f48a8dc84910d1eca42883",
      "Requirements": []
    },
    "jpeg": {
      "Package": "jpeg",
      "Version": "0.1-9",
      "Source": "Repository",
      "Repository": "CRAN",
      "Hash": "441ee36360a57b363f4fa3df0c364630",
      "Requirements": []
    },
    "jquerylib": {
      "Package": "jquerylib",
      "Version": "0.1.4",
      "Source": "Repository",
      "Repository": "CRAN",
      "Hash": "5aab57a3bd297eee1c1d862735972182",
      "Requirements": [
        "htmltools"
      ]
    },
    "jsonlite": {
      "Package": "jsonlite",
      "Version": "1.8.0",
      "Source": "Repository",
      "Repository": "CRAN",
      "Hash": "d07e729b27b372429d42d24d503613a0",
      "Requirements": []
    },
    "kableExtra": {
      "Package": "kableExtra",
      "Version": "1.3.4",
      "Source": "Repository",
      "Repository": "CRAN",
      "Hash": "49b625e6aabe4c5f091f5850aba8ff78",
      "Requirements": [
        "digest",
        "glue",
        "htmltools",
        "knitr",
        "magrittr",
        "rmarkdown",
        "rstudioapi",
        "rvest",
        "scales",
        "stringr",
        "svglite",
        "viridisLite",
        "webshot",
        "xml2"
      ]
    },
    "knitr": {
      "Package": "knitr",
      "Version": "1.39",
      "Source": "Repository",
      "Repository": "CRAN",
      "Hash": "029ab7c4badd3cf8af69016b2ba27493",
      "Requirements": [
        "evaluate",
        "highr",
        "stringr",
        "xfun",
        "yaml"
      ]
    },
    "labeling": {
      "Package": "labeling",
      "Version": "0.4.2",
      "Source": "Repository",
      "Repository": "CRAN",
      "Hash": "3d5108641f47470611a32d0bdf357a72",
      "Requirements": []
    },
    "later": {
      "Package": "later",
      "Version": "1.3.0",
      "Source": "Repository",
      "Repository": "CRAN",
      "Hash": "7e7b457d7766bc47f2a5f21cc2984f8e",
      "Requirements": [
        "Rcpp",
        "rlang"
      ]
    },
    "lattice": {
      "Package": "lattice",
      "Version": "0.20-44",
      "Source": "Repository",
      "Repository": "CRAN",
      "Hash": "f36bf1a849d9106dc2af72e501f9de41",
      "Requirements": []
    },
    "latticeExtra": {
      "Package": "latticeExtra",
      "Version": "0.6-29",
      "Source": "Repository",
      "Repository": "CRAN",
      "Hash": "590829599d6182cf7461787af34666ee",
      "Requirements": [
        "RColorBrewer",
        "jpeg",
        "lattice",
        "png"
      ]
    },
    "lazyeval": {
      "Package": "lazyeval",
      "Version": "0.2.2",
      "Source": "Repository",
      "Repository": "CRAN",
      "Hash": "d908914ae53b04d4c0c0fd72ecc35370",
      "Requirements": []
    },
    "lifecycle": {
      "Package": "lifecycle",
      "Version": "1.0.2",
      "Source": "Repository",
      "Repository": "CRAN",
      "Hash": "25f74670fa7d3277fe3ad8c1712a699f",
      "Requirements": [
        "glue",
        "rlang"
      ]
    },
    "lme4": {
      "Package": "lme4",
      "Version": "1.1-27.1",
      "Source": "Repository",
      "Repository": "CRAN",
      "Hash": "c995b0405ce0894d6fe52b3e08ea9085",
      "Requirements": [
        "MASS",
        "Matrix",
        "Rcpp",
        "RcppEigen",
        "boot",
        "lattice",
        "minqa",
        "nlme",
        "nloptr"
      ]
    },
    "lubridate": {
      "Package": "lubridate",
      "Version": "1.7.10",
      "Source": "Repository",
      "Repository": "CRAN",
      "Hash": "1ebfdc8a3cfe8fe19184f5481972b092",
      "Requirements": [
        "Rcpp",
        "generics"
      ]
    },
    "magrittr": {
      "Package": "magrittr",
      "Version": "2.0.3",
      "Source": "Repository",
      "Repository": "CRAN",
      "Hash": "7ce2733a9826b3aeb1775d56fd305472",
      "Requirements": []
    },
    "mathjaxr": {
      "Package": "mathjaxr",
      "Version": "1.4-0",
      "Source": "Repository",
      "Repository": "CRAN",
      "Hash": "21ec862477d3845843994019cadc4629",
      "Requirements": []
    },
    "metafor": {
      "Package": "metafor",
      "Version": "3.0-2",
      "Source": "Repository",
      "Repository": "CRAN",
      "Hash": "b598da1155b3f86b380c1a32f6f3b224",
      "Requirements": [
        "Matrix",
        "mathjaxr",
        "nlme",
        "pbapply"
      ]
    },
    "mgcv": {
      "Package": "mgcv",
      "Version": "1.8-35",
      "Source": "Repository",
      "Repository": "CRAN",
      "Hash": "89fd8b2ad4a6cb4979b78cf2a77ab503",
      "Requirements": [
        "Matrix",
        "nlme"
      ]
    },
    "mime": {
      "Package": "mime",
      "Version": "0.12",
      "Source": "Repository",
      "Repository": "CRAN",
      "Hash": "18e9c28c1d3ca1560ce30658b22ce104",
      "Requirements": []
    },
    "minqa": {
      "Package": "minqa",
      "Version": "1.2.4",
      "Source": "Repository",
      "Repository": "CRAN",
      "Hash": "eaee7d2a6f3ed4491df868611cb064cc",
      "Requirements": [
        "Rcpp"
      ]
    },
    "modelr": {
      "Package": "modelr",
      "Version": "0.1.8",
      "Source": "Repository",
      "Repository": "CRAN",
      "Hash": "9fd59716311ee82cba83dc2826fc5577",
      "Requirements": [
        "broom",
        "magrittr",
        "purrr",
        "rlang",
        "tibble",
        "tidyr",
        "tidyselect",
        "vctrs"
      ]
    },
    "munsell": {
      "Package": "munsell",
      "Version": "0.5.0",
      "Source": "Repository",
      "Repository": "CRAN",
      "Hash": "6dfe8bf774944bd5595785e3229d8771",
      "Requirements": [
        "colorspace"
      ]
    },
    "mvtnorm": {
      "Package": "mvtnorm",
      "Version": "1.1-2",
      "Source": "Repository",
      "Repository": "CRAN",
      "Hash": "6f0133c3842aef0394dbd844a21d3f5f",
      "Requirements": []
    },
    "nlme": {
      "Package": "nlme",
      "Version": "3.1-152",
      "Source": "Repository",
      "Repository": "CRAN",
      "Hash": "35de1ce639f20b5e10f7f46260730c65",
      "Requirements": [
        "lattice"
      ]
    },
    "nloptr": {
      "Package": "nloptr",
      "Version": "1.2.2.2",
      "Source": "Repository",
      "Repository": "CRAN",
      "Hash": "2737faeee353704efec5afa1e943dd64",
      "Requirements": []
    },
    "nnet": {
      "Package": "nnet",
      "Version": "7.3-17",
      "Source": "Repository",
      "Repository": "CRAN",
      "Hash": "cb1d8d9f300a7e536b89c8a88c53f610",
      "Requirements": []
    },
    "numDeriv": {
      "Package": "numDeriv",
      "Version": "2016.8-1.1",
      "Source": "Repository",
      "Repository": "CRAN",
      "Hash": "df58958f293b166e4ab885ebcad90e02",
      "Requirements": []
    },
    "openssl": {
      "Package": "openssl",
      "Version": "2.0.0",
      "Source": "Repository",
      "Repository": "CRAN",
      "Hash": "cf4329aac12c2c44089974559c18e446",
      "Requirements": [
        "askpass"
      ]
    },
    "papaja": {
      "Package": "papaja",
      "Version": "0.1.0.9997",
      "Source": "GitHub",
      "RemoteType": "github",
      "RemoteHost": "api.github.com",
      "RemoteRepo": "papaja",
      "RemoteUsername": "crsh",
      "RemoteRef": "devel",
      "RemoteSha": "64909286db351bb2cb631f48cd5231788485d74b",
      "Hash": "3a65b0c57469f7d96fdb4b3c921474f1",
      "Requirements": [
        "base64enc",
        "bookdown",
        "broom",
        "glue",
        "knitr",
        "rmarkdown",
        "rmdfiltr",
        "tinylabels",
        "yaml",
        "zip"
      ]
    },
    "pbapply": {
      "Package": "pbapply",
      "Version": "1.5-0",
      "Source": "Repository",
      "Repository": "CRAN",
      "Hash": "11359a5bb73622ab3f4136bf57108b64",
      "Requirements": []
    },
    "pillar": {
      "Package": "pillar",
      "Version": "1.8.1",
      "Source": "Repository",
      "Repository": "CRAN",
      "Hash": "f2316df30902c81729ae9de95ad5a608",
      "Requirements": [
        "cli",
        "fansi",
        "glue",
        "lifecycle",
        "rlang",
        "utf8",
        "vctrs"
      ]
    },
    "pkgconfig": {
      "Package": "pkgconfig",
      "Version": "2.0.3",
      "Source": "Repository",
      "Repository": "CRAN",
      "Hash": "01f28d4278f15c76cddbea05899c5d6f",
      "Requirements": []
    },
    "plyr": {
      "Package": "plyr",
      "Version": "1.8.6",
      "Source": "Repository",
      "Repository": "CRAN",
      "Hash": "ec0e5ab4e5f851f6ef32cd1d1984957f",
      "Requirements": [
        "Rcpp"
      ]
    },
    "png": {
      "Package": "png",
      "Version": "0.1-7",
      "Source": "Repository",
      "Repository": "CRAN",
      "Hash": "03b7076c234cb3331288919983326c55",
      "Requirements": []
    },
    "prettyunits": {
      "Package": "prettyunits",
      "Version": "1.1.1",
      "Source": "Repository",
      "Repository": "CRAN",
      "Hash": "95ef9167b75dde9d2ccc3c7528393e7e",
      "Requirements": []
    },
    "processx": {
      "Package": "processx",
      "Version": "3.5.2",
      "Source": "Repository",
      "Repository": "CRAN",
      "Hash": "0cbca2bc4d16525d009c4dbba156b37c",
      "Requirements": [
        "R6",
        "ps"
      ]
    },
    "progress": {
      "Package": "progress",
      "Version": "1.2.2",
      "Source": "Repository",
      "Repository": "CRAN",
      "Hash": "14dc9f7a3c91ebb14ec5bb9208a07061",
      "Requirements": [
        "R6",
        "crayon",
        "hms",
        "prettyunits"
      ]
    },
    "promises": {
      "Package": "promises",
      "Version": "1.2.0.1",
      "Source": "Repository",
      "Repository": "CRAN",
      "Hash": "4ab2c43adb4d4699cf3690acd378d75d",
      "Requirements": [
        "R6",
        "Rcpp",
        "later",
        "magrittr",
        "rlang"
      ]
    },
    "ps": {
      "Package": "ps",
      "Version": "1.6.0",
      "Source": "Repository",
      "Repository": "CRAN",
      "Hash": "32620e2001c1dce1af49c49dccbb9420",
      "Requirements": []
    },
    "purrr": {
      "Package": "purrr",
      "Version": "0.3.4",
      "Source": "Repository",
      "Repository": "CRAN",
      "Hash": "97def703420c8ab10d8f0e6c72101e02",
      "Requirements": [
        "magrittr",
        "rlang"
      ]
    },
    "rappdirs": {
      "Package": "rappdirs",
      "Version": "0.3.3",
      "Source": "Repository",
      "Repository": "CRAN",
      "Hash": "5e3c5dc0b071b21fa128676560dbe94d",
      "Requirements": []
    },
    "rbibutils": {
      "Package": "rbibutils",
      "Version": "2.2.4",
      "Source": "Repository",
      "Repository": "CRAN",
      "Hash": "58c20fa8661094f6b577f7cca8b61a7b",
      "Requirements": []
    },
    "readr": {
      "Package": "readr",
      "Version": "2.1.2",
      "Source": "Repository",
      "Repository": "CRAN",
      "Hash": "9c59de1357dc209868b5feb5c9f0fe2f",
      "Requirements": [
        "R6",
        "cli",
        "clipr",
        "cpp11",
        "crayon",
        "hms",
        "lifecycle",
        "rlang",
        "tibble",
        "tzdb",
        "vroom"
      ]
    },
    "readxl": {
      "Package": "readxl",
      "Version": "1.3.1",
      "Source": "Repository",
      "Repository": "CRAN",
      "Hash": "63537c483c2dbec8d9e3183b3735254a",
      "Requirements": [
        "Rcpp",
        "cellranger",
        "progress",
        "tibble"
      ]
    },
    "rematch": {
      "Package": "rematch",
      "Version": "1.0.1",
      "Source": "Repository",
      "Repository": "CRAN",
      "Hash": "c66b930d20bb6d858cd18e1cebcfae5c",
      "Requirements": []
    },
    "rematch2": {
      "Package": "rematch2",
      "Version": "2.1.2",
      "Source": "Repository",
      "Repository": "CRAN",
      "Hash": "76c9e04c712a05848ae7a23d2f170a40",
      "Requirements": [
        "tibble"
      ]
    },
    "renv": {
      "Package": "renv",
      "Version": "0.15.4",
      "Source": "Repository",
      "Repository": "CRAN",
      "Hash": "c1078316e1d4f70275fc1ea60c0bc431",
      "Requirements": []
    },
    "reprex": {
      "Package": "reprex",
      "Version": "2.0.0",
      "Source": "Repository",
      "Repository": "CRAN",
      "Hash": "8482bbeef0c194ac236aef7c51ee375f",
      "Requirements": [
        "callr",
        "cli",
        "clipr",
        "fs",
        "glue",
        "knitr",
        "rlang",
        "rmarkdown",
        "rstudioapi",
        "withr"
      ]
    },
    "reshape": {
      "Package": "reshape",
      "Version": "0.8.8",
      "Source": "Repository",
      "Repository": "CRAN",
      "Hash": "0f4d941129e00ed34a7d192b1da7ccef",
      "Requirements": [
        "plyr"
      ]
    },
    "rlang": {
      "Package": "rlang",
      "Version": "1.0.5",
      "Source": "Repository",
      "Repository": "CRAN",
      "Hash": "971c3d698fc06dabdac6bc4bcda72dc4",
      "Requirements": []
    },
    "rmarkdown": {
      "Package": "rmarkdown",
      "Version": "2.14",
      "Source": "Repository",
      "Repository": "CRAN",
      "Hash": "31b60a882fabfabf6785b8599ffeb8ba",
      "Requirements": [
        "bslib",
        "evaluate",
        "htmltools",
        "jquerylib",
        "jsonlite",
        "knitr",
        "stringr",
        "tinytex",
        "xfun",
        "yaml"
      ]
    },
    "rmdfiltr": {
      "Package": "rmdfiltr",
      "Version": "0.1.3",
      "Source": "Repository",
      "Repository": "CRAN",
      "Hash": "d2e1277195d221e6118d8a77dda2e877",
      "Requirements": [
        "assertthat",
        "rmarkdown"
      ]
    },
    "robumeta": {
      "Package": "robumeta",
      "Version": "2.0",
      "Source": "Repository",
      "Repository": "CRAN",
      "Hash": "922083d37976803ff79d3c94c9b025b1",
      "Requirements": []
    },
    "rpart": {
      "Package": "rpart",
      "Version": "4.1.16",
      "Source": "Repository",
      "Repository": "CRAN",
      "Hash": "ea3ca1d9473daabb3cd0f1b4f974c1ed",
      "Requirements": []
    },
    "rprojroot": {
      "Package": "rprojroot",
      "Version": "2.0.3",
      "Source": "Repository",
      "Repository": "CRAN",
      "Hash": "1de7ab598047a87bba48434ba35d497d",
      "Requirements": []
    },
    "rstudioapi": {
      "Package": "rstudioapi",
      "Version": "0.13",
      "Source": "Repository",
      "Repository": "CRAN",
      "Hash": "06c85365a03fdaf699966cc1d3cf53ea",
      "Requirements": []
    },
    "rvest": {
      "Package": "rvest",
      "Version": "1.0.0",
      "Source": "Repository",
      "Repository": "CRAN",
      "Hash": "74b905b0076e1de6e27f540c95ba68d5",
      "Requirements": [
        "httr",
        "lifecycle",
        "magrittr",
        "rlang",
        "selectr",
        "tibble",
        "xml2"
      ]
    },
    "sass": {
      "Package": "sass",
      "Version": "0.4.0",
      "Source": "Repository",
      "Repository": "CRAN",
      "Hash": "50cf822feb64bb3977bda0b7091be623",
      "Requirements": [
        "R6",
        "fs",
        "htmltools",
        "rappdirs",
        "rlang"
      ]
    },
    "scales": {
      "Package": "scales",
      "Version": "1.2.1",
      "Source": "Repository",
      "Repository": "CRAN",
      "Hash": "906cb23d2f1c5680b8ce439b44c6fa63",
      "Requirements": [
        "R6",
        "RColorBrewer",
        "farver",
        "labeling",
        "lifecycle",
        "munsell",
        "rlang",
        "viridisLite"
      ]
    },
    "selectr": {
      "Package": "selectr",
      "Version": "0.4-2",
      "Source": "Repository",
      "Repository": "CRAN",
      "Hash": "3838071b66e0c566d55cc26bd6e27bf4",
      "Requirements": [
        "R6",
        "stringr"
      ]
    },
    "shiny": {
      "Package": "shiny",
      "Version": "1.6.0",
      "Source": "Repository",
      "Repository": "CRAN",
      "Hash": "6e3b6ae7fe02b5859e4bb277f218b8ae",
      "Requirements": [
        "R6",
        "bslib",
        "cachem",
        "commonmark",
        "crayon",
        "digest",
        "ellipsis",
        "fastmap",
        "glue",
        "htmltools",
        "httpuv",
        "jsonlite",
        "later",
        "lifecycle",
        "mime",
        "promises",
        "rlang",
        "sourcetools",
        "withr",
        "xtable"
      ]
    },
    "showtext": {
      "Package": "showtext",
      "Version": "0.9-5",
      "Source": "Repository",
      "Repository": "CRAN",
      "Hash": "b588dee88e238bf811e27f12edee9433",
      "Requirements": [
        "showtextdb",
        "sysfonts"
      ]
    },
    "showtextdb": {
      "Package": "showtextdb",
      "Version": "3.0",
      "Source": "Repository",
      "Repository": "CRAN",
      "Hash": "c12e756cf947e58b0f2c2a520521a5a8",
      "Requirements": [
        "sysfonts"
      ]
    },
    "sourcetools": {
      "Package": "sourcetools",
      "Version": "0.1.7",
      "Source": "Repository",
      "Repository": "CRAN",
      "Hash": "947e4e02a79effa5d512473e10f41797",
      "Requirements": []
    },
    "stringi": {
      "Package": "stringi",
      "Version": "1.7.6",
      "Source": "Repository",
      "Repository": "CRAN",
      "Hash": "bba431031d30789535745a9627ac9271",
      "Requirements": []
    },
    "stringr": {
      "Package": "stringr",
      "Version": "1.4.0",
      "Source": "Repository",
      "Repository": "CRAN",
      "Hash": "0759e6b6c0957edb1311028a49a35e76",
      "Requirements": [
        "glue",
        "magrittr",
        "stringi"
      ]
    },
    "survival": {
      "Package": "survival",
      "Version": "3.3-1",
      "Source": "Repository",
      "Repository": "CRAN",
      "Hash": "f6189c70451d3d68e0d571235576e833",
      "Requirements": [
        "Matrix"
      ]
    },
    "svglite": {
      "Package": "svglite",
      "Version": "2.1.0",
      "Source": "Repository",
      "Repository": "CRAN",
      "Hash": "68dfdf211af6aa4e5f050f064f64d401",
      "Requirements": [
        "cpp11",
        "systemfonts"
      ]
    },
    "sys": {
      "Package": "sys",
      "Version": "3.4",
      "Source": "Repository",
      "Repository": "CRAN",
      "Hash": "b227d13e29222b4574486cfcbde077fa",
      "Requirements": []
    },
    "sysfonts": {
      "Package": "sysfonts",
      "Version": "0.8.8",
      "Source": "Repository",
      "Repository": "CRAN",
      "Hash": "7f4dac41a3e348ae12832167e6beb875",
      "Requirements": []
    },
    "systemfonts": {
      "Package": "systemfonts",
      "Version": "1.0.4",
      "Source": "Repository",
      "Repository": "CRAN",
      "Hash": "90b28393209827327de889f49935140a",
      "Requirements": [
        "cpp11"
      ]
    },
    "tibble": {
      "Package": "tibble",
      "Version": "3.1.8",
      "Source": "Repository",
      "Repository": "CRAN",
      "Hash": "56b6934ef0f8c68225949a8672fe1a8f",
      "Requirements": [
        "fansi",
        "lifecycle",
        "magrittr",
        "pillar",
        "pkgconfig",
        "rlang",
        "vctrs"
      ]
    },
    "tidyboot": {
      "Package": "tidyboot",
      "Version": "0.1.2",
      "Source": "GitHub",
      "RemoteType": "github",
      "RemoteHost": "api.github.com",
      "RemoteRepo": "tidyboot",
      "RemoteUsername": "langcog",
      "RemoteRef": "HEAD",
      "RemoteSha": "b844d4ec3e4fd17724948aacd721d7c8008a71a2",
      "Hash": "f99daf6f800e89b15de27734b912807f",
      "Requirements": [
        "dplyr",
        "modelr",
        "purrr",
        "rlang",
        "tidyr"
      ]
    },
    "tidyr": {
      "Package": "tidyr",
      "Version": "1.2.1",
      "Source": "Repository",
      "Repository": "CRAN",
      "Hash": "cdb403db0de33ccd1b6f53b83736efa8",
      "Requirements": [
        "cpp11",
        "dplyr",
        "ellipsis",
        "glue",
        "lifecycle",
        "magrittr",
        "purrr",
        "rlang",
        "tibble",
        "tidyselect",
        "vctrs"
      ]
    },
    "tidyselect": {
      "Package": "tidyselect",
      "Version": "1.1.2",
      "Source": "Repository",
      "Repository": "CRAN",
      "Hash": "17f6da8cfd7002760a859915ce7eef8f",
      "Requirements": [
        "ellipsis",
        "glue",
        "purrr",
        "rlang",
        "vctrs"
      ]
    },
    "tidyverse": {
      "Package": "tidyverse",
      "Version": "1.3.1",
      "Source": "Repository",
      "Repository": "CRAN",
      "Hash": "fc4c72b6ae9bb283416bd59a3303bbab",
      "Requirements": [
        "broom",
        "cli",
        "crayon",
        "dbplyr",
        "dplyr",
        "dtplyr",
        "forcats",
        "ggplot2",
        "googledrive",
        "googlesheets4",
        "haven",
        "hms",
        "httr",
        "jsonlite",
        "lubridate",
        "magrittr",
        "modelr",
        "pillar",
        "purrr",
        "readr",
        "readxl",
        "reprex",
        "rlang",
        "rstudioapi",
        "rvest",
        "stringr",
        "tibble",
        "tidyr",
        "xml2"
      ]
    },
    "tinylabels": {
      "Package": "tinylabels",
      "Version": "0.2.1",
      "Source": "Repository",
      "Repository": "CRAN",
      "Hash": "254f7a89832e2db3d064c4f18f8746e9",
      "Requirements": []
    },
    "tinytex": {
      "Package": "tinytex",
      "Version": "0.36",
      "Source": "Repository",
      "Repository": "CRAN",
      "Hash": "130fe4c61e55b271a2655b3a284a205f",
      "Requirements": [
        "xfun"
      ]
    },
    "tufte": {
      "Package": "tufte",
      "Version": "0.10",
      "Source": "Repository",
      "Repository": "CRAN",
      "Hash": "fe2d17ca3a40b69c53c6712cf4dd35ce",
      "Requirements": [
        "htmltools",
        "knitr",
        "rmarkdown",
        "xfun"
      ]
    },
    "tzdb": {
      "Package": "tzdb",
      "Version": "0.2.0",
      "Source": "Repository",
      "Repository": "CRAN",
      "Hash": "5e069fb033daf2317bd628d3100b75c5",
      "Requirements": [
        "cpp11"
      ]
    },
    "utf8": {
      "Package": "utf8",
      "Version": "1.2.2",
      "Source": "Repository",
      "Repository": "CRAN",
      "Hash": "c9c462b759a5cc844ae25b5942654d13",
      "Requirements": []
    },
    "uuid": {
      "Package": "uuid",
      "Version": "0.1-4",
      "Source": "Repository",
      "Repository": "CRAN",
      "Hash": "e4169eb989a5d03ccb6b628cad1b1b50",
      "Requirements": []
    },
    "vctrs": {
      "Package": "vctrs",
      "Version": "0.4.1",
      "Source": "Repository",
      "Repository": "CRAN",
      "Hash": "8b54f22e2a58c4f275479c92ce041a57",
      "Requirements": [
        "cli",
        "glue",
        "rlang"
      ]
    },
    "viridis": {
      "Package": "viridis",
      "Version": "0.6.2",
      "Source": "Repository",
      "Repository": "CRAN",
      "Hash": "ee96aee95a7a563e5496f8991e9fde4b",
      "Requirements": [
        "ggplot2",
        "gridExtra",
        "viridisLite"
      ]
    },
    "viridisLite": {
      "Package": "viridisLite",
      "Version": "0.4.1",
      "Source": "Repository",
      "Repository": "CRAN",
      "Hash": "62f4b5da3e08d8e5bcba6cac15603f70",
      "Requirements": []
    },
    "vroom": {
      "Package": "vroom",
      "Version": "1.5.7",
      "Source": "Repository",
      "Repository": "CRAN",
      "Hash": "976507b5a105bc3bdf6a5a5f29e0684f",
      "Requirements": [
        "bit64",
        "cli",
        "cpp11",
        "crayon",
        "glue",
        "hms",
        "lifecycle",
        "progress",
        "rlang",
        "tibble",
        "tidyselect",
        "tzdb",
        "vctrs",
        "withr"
      ]
    },
    "webshot": {
      "Package": "webshot",
      "Version": "0.5.3",
      "Source": "Repository",
      "Repository": "CRAN",
      "Hash": "7261ab7f98e97c771217e6b87c085d6e",
      "Requirements": [
        "callr",
        "jsonlite",
        "magrittr"
      ]
    },
    "withr": {
      "Package": "withr",
      "Version": "2.5.0",
      "Source": "Repository",
      "Repository": "CRAN",
      "Hash": "c0e49a9760983e81e55cdd9be92e7182",
      "Requirements": []
    },
    "xaringanExtra": {
      "Package": "xaringanExtra",
      "Version": "0.7.0",
      "Source": "Repository",
      "Repository": "CRAN",
      "Hash": "b700278c14be355c081d130d48abc83d",
      "Requirements": [
        "htmltools",
        "jsonlite",
        "knitr",
        "uuid"
      ]
    },
    "xfun": {
      "Package": "xfun",
      "Version": "0.29",
      "Source": "Repository",
      "Repository": "CRAN",
      "Hash": "e2e5fb1a74fbb68b27d6efc5372635dc",
      "Requirements": []
    },
    "xml2": {
      "Package": "xml2",
      "Version": "1.3.2",
      "Source": "Repository",
      "Repository": "CRAN",
      "Hash": "d4d71a75dd3ea9eb5fa28cc21f9585e2",
      "Requirements": []
    },
    "xtable": {
      "Package": "xtable",
      "Version": "1.8-4",
      "Source": "Repository",
      "Repository": "CRAN",
      "Hash": "b8acdf8af494d9ec19ccb2481a9b11c2",
      "Requirements": []
    },
    "yaml": {
      "Package": "yaml",
      "Version": "2.2.1",
      "Source": "Repository",
      "Repository": "CRAN",
      "Hash": "2826c5d9efb0a88f657c7a679c7106db",
      "Requirements": []
    },
    "zip": {
      "Package": "zip",
      "Version": "2.2.0",
      "Source": "Repository",
      "Repository": "CRAN",
      "Hash": "c7eef2996ac270a18c2715c997a727c5",
      "Requirements": []
    }
  }
}
